// !$*UTF8*$!
{
	archiveVersion = 1;
	classes = {
	};
	objectVersion = 56;
	objects = {

/* Begin PBXBuildFile section */
		D112270929B9EF8B00E49993 /* PinpointSampleAppApp.swift in Sources */ = {isa = PBXBuildFile; fileRef = D112270829B9EF8B00E49993 /* PinpointSampleAppApp.swift */; };
		D112270B29B9EF8B00E49993 /* ContentView.swift in Sources */ = {isa = PBXBuildFile; fileRef = D112270A29B9EF8B00E49993 /* ContentView.swift */; };
		D112270D29B9EF8C00E49993 /* Assets.xcassets in Resources */ = {isa = PBXBuildFile; fileRef = D112270C29B9EF8C00E49993 /* Assets.xcassets */; };
		D112271029B9EF8C00E49993 /* Preview Assets.xcassets in Resources */ = {isa = PBXBuildFile; fileRef = D112270F29B9EF8C00E49993 /* Preview Assets.xcassets */; };
		D112271229B9EF8C00E49993 /* Persistence.swift in Sources */ = {isa = PBXBuildFile; fileRef = D112271129B9EF8C00E49993 /* Persistence.swift */; };
		D112271529B9EF8C00E49993 /* PinpointSampleApp.xcdatamodeld in Sources */ = {isa = PBXBuildFile; fileRef = D112271329B9EF8C00E49993 /* PinpointSampleApp.xcdatamodeld */; };
		D112272229BA005D00E49993 /* ConsoleTextView.swift in Sources */ = {isa = PBXBuildFile; fileRef = D112272129BA005D00E49993 /* ConsoleTextView.swift */; };
		D1569D8429BA07C500D0E578 /* BluetoothManager.swift in Sources */ = {isa = PBXBuildFile; fileRef = D1569D8329BA07C500D0E578 /* BluetoothManager.swift */; };
		D1569D8629BA0B7700D0E578 /* UUUIDs.swift in Sources */ = {isa = PBXBuildFile; fileRef = D1569D8529BA0B7700D0E578 /* UUUIDs.swift */; };
		D1569D8829BA0B8500D0E578 /* Strings.swift in Sources */ = {isa = PBXBuildFile; fileRef = D1569D8729BA0B8500D0E578 /* Strings.swift */; };
		D1569D8A29BA0B8E00D0E578 /* SpinnerViewController.swift in Sources */ = {isa = PBXBuildFile; fileRef = D1569D8929BA0B8D00D0E578 /* SpinnerViewController.swift */; };
		D1569D8E29BA109B00D0E578 /* Buttons.swift in Sources */ = {isa = PBXBuildFile; fileRef = D1569D8D29BA109B00D0E578 /* Buttons.swift */; };
		D1569D9429BB445B00D0E578 /* SDK.xcframework in Frameworks */ = {isa = PBXBuildFile; fileRef = D1569D9329BB445B00D0E578 /* SDK.xcframework */; };
		D1569D9529BB445B00D0E578 /* SDK.xcframework in Embed Frameworks */ = {isa = PBXBuildFile; fileRef = D1569D9329BB445B00D0E578 /* SDK.xcframework */; settings = {ATTRIBUTES = (CodeSignOnCopy, RemoveHeadersOnCopy, ); }; };
		D1569D9829BB46AA00D0E578 /* DataReader.swift in Sources */ = {isa = PBXBuildFile; fileRef = D1569D9729BB46AA00D0E578 /* DataReader.swift */; };
		D1FE233D29BF691E002F1049 /* Decoder.swift in Sources */ = {isa = PBXBuildFile; fileRef = D1FE233C29BF691E002F1049 /* Decoder.swift */; };
		D1FE233F29BF6D11002F1049 /* ProtocolConstants.swift in Sources */ = {isa = PBXBuildFile; fileRef = D1FE233E29BF6D11002F1049 /* ProtocolConstants.swift */; };
/* End PBXBuildFile section */

/* Begin PBXCopyFilesBuildPhase section */
		D1569D9629BB445B00D0E578 /* Embed Frameworks */ = {
			isa = PBXCopyFilesBuildPhase;
			buildActionMask = 2147483647;
			dstPath = "";
			dstSubfolderSpec = 10;
			files = (
				D1569D9529BB445B00D0E578 /* SDK.xcframework in Embed Frameworks */,
			);
			name = "Embed Frameworks";
			runOnlyForDeploymentPostprocessing = 0;
		};
/* End PBXCopyFilesBuildPhase section */

/* Begin PBXFileReference section */
		D112270529B9EF8B00E49993 /* PinpointSampleApp.app */ = {isa = PBXFileReference; explicitFileType = wrapper.application; includeInIndex = 0; path = PinpointSampleApp.app; sourceTree = BUILT_PRODUCTS_DIR; };
		D112270829B9EF8B00E49993 /* PinpointSampleAppApp.swift */ = {isa = PBXFileReference; lastKnownFileType = sourcecode.swift; path = PinpointSampleAppApp.swift; sourceTree = "<group>"; };
		D112270A29B9EF8B00E49993 /* ContentView.swift */ = {isa = PBXFileReference; lastKnownFileType = sourcecode.swift; path = ContentView.swift; sourceTree = "<group>"; };
		D112270C29B9EF8C00E49993 /* Assets.xcassets */ = {isa = PBXFileReference; lastKnownFileType = folder.assetcatalog; path = Assets.xcassets; sourceTree = "<group>"; };
		D112270F29B9EF8C00E49993 /* Preview Assets.xcassets */ = {isa = PBXFileReference; lastKnownFileType = folder.assetcatalog; path = "Preview Assets.xcassets"; sourceTree = "<group>"; };
		D112271129B9EF8C00E49993 /* Persistence.swift */ = {isa = PBXFileReference; lastKnownFileType = sourcecode.swift; path = Persistence.swift; sourceTree = "<group>"; };
		D112271429B9EF8C00E49993 /* PinpointSampleApp.xcdatamodel */ = {isa = PBXFileReference; lastKnownFileType = wrapper.xcdatamodel; path = PinpointSampleApp.xcdatamodel; sourceTree = "<group>"; };
		D112272129BA005D00E49993 /* ConsoleTextView.swift */ = {isa = PBXFileReference; lastKnownFileType = sourcecode.swift; path = ConsoleTextView.swift; sourceTree = "<group>"; };
		D1569D8329BA07C500D0E578 /* BluetoothManager.swift */ = {isa = PBXFileReference; lastKnownFileType = sourcecode.swift; path = BluetoothManager.swift; sourceTree = "<group>"; };
		D1569D8529BA0B7700D0E578 /* UUUIDs.swift */ = {isa = PBXFileReference; fileEncoding = 4; lastKnownFileType = sourcecode.swift; path = UUUIDs.swift; sourceTree = "<group>"; };
		D1569D8729BA0B8500D0E578 /* Strings.swift */ = {isa = PBXFileReference; fileEncoding = 4; lastKnownFileType = sourcecode.swift; path = Strings.swift; sourceTree = "<group>"; };
		D1569D8929BA0B8D00D0E578 /* SpinnerViewController.swift */ = {isa = PBXFileReference; fileEncoding = 4; lastKnownFileType = sourcecode.swift; path = SpinnerViewController.swift; sourceTree = "<group>"; };
		D1569D8D29BA109B00D0E578 /* Buttons.swift */ = {isa = PBXFileReference; lastKnownFileType = sourcecode.swift; path = Buttons.swift; sourceTree = "<group>"; };
		D1569D9329BB445B00D0E578 /* SDK.xcframework */ = {isa = PBXFileReference; lastKnownFileType = wrapper.xcframework; name = SDK.xcframework; path = ../../AndroidStudioProjects/pinpointkmmsdk/SDK/build/XCFrameworks/release/SDK.xcframework; sourceTree = "<group>"; };
		D1569D9729BB46AA00D0E578 /* DataReader.swift */ = {isa = PBXFileReference; lastKnownFileType = sourcecode.swift; path = DataReader.swift; sourceTree = "<group>"; };
		D1FE233B29BF5D25002F1049 /* README.md */ = {isa = PBXFileReference; lastKnownFileType = net.daringfireball.markdown; path = README.md; sourceTree = "<group>"; };
		D1FE233C29BF691E002F1049 /* Decoder.swift */ = {isa = PBXFileReference; lastKnownFileType = sourcecode.swift; path = Decoder.swift; sourceTree = "<group>"; };
		D1FE233E29BF6D11002F1049 /* ProtocolConstants.swift */ = {isa = PBXFileReference; lastKnownFileType = sourcecode.swift; path = ProtocolConstants.swift; sourceTree = "<group>"; };
/* End PBXFileReference section */

/* Begin PBXFrameworksBuildPhase section */
		D112270229B9EF8B00E49993 /* Frameworks */ = {
			isa = PBXFrameworksBuildPhase;
			buildActionMask = 2147483647;
			files = (
				D1569D9429BB445B00D0E578 /* SDK.xcframework in Frameworks */,
			);
			runOnlyForDeploymentPostprocessing = 0;
		};
/* End PBXFrameworksBuildPhase section */

/* Begin PBXGroup section */
		D11226FC29B9EF8B00E49993 = {
			isa = PBXGroup;
			children = (
				D112270729B9EF8B00E49993 /* PinpointSampleApp */,
				D1FE233B29BF5D25002F1049 /* README.md */,
				D112270629B9EF8B00E49993 /* Products */,
				D1569D9229BB445A00D0E578 /* Frameworks */,
			);
			sourceTree = "<group>";
		};
		D112270629B9EF8B00E49993 /* Products */ = {
			isa = PBXGroup;
			children = (
				D112270529B9EF8B00E49993 /* PinpointSampleApp.app */,
			);
			name = Products;
			sourceTree = "<group>";
		};
		D112270729B9EF8B00E49993 /* PinpointSampleApp */ = {
			isa = PBXGroup;
			children = (
				D1569D9129BA217600D0E578 /* Model */,
				D1569D8F29BA214F00D0E578 /* Views */,
				D1569D9029BA216100D0E578 /* Controller */,
				D112270829B9EF8B00E49993 /* PinpointSampleAppApp.swift */,
				D112270C29B9EF8C00E49993 /* Assets.xcassets */,
				D112271129B9EF8C00E49993 /* Persistence.swift */,
				D112271329B9EF8C00E49993 /* PinpointSampleApp.xcdatamodeld */,
				D112270E29B9EF8C00E49993 /* Preview Content */,
			);
			path = PinpointSampleApp;
			sourceTree = "<group>";
		};
		D112270E29B9EF8C00E49993 /* Preview Content */ = {
			isa = PBXGroup;
			children = (
				D112270F29B9EF8C00E49993 /* Preview Assets.xcassets */,
			);
			path = "Preview Content";
			sourceTree = "<group>";
		};
		D1569D8F29BA214F00D0E578 /* Views */ = {
			isa = PBXGroup;
			children = (
				D112270A29B9EF8B00E49993 /* ContentView.swift */,
				D112272129BA005D00E49993 /* ConsoleTextView.swift */,
				D1569D8929BA0B8D00D0E578 /* SpinnerViewController.swift */,
				D1569D8D29BA109B00D0E578 /* Buttons.swift */,
			);
			path = Views;
			sourceTree = "<group>";
		};
		D1569D9029BA216100D0E578 /* Controller */ = {
			isa = PBXGroup;
			children = (
				D1569D8329BA07C500D0E578 /* BluetoothManager.swift */,
				D1569D9729BB46AA00D0E578 /* DataReader.swift */,
				D1FE233C29BF691E002F1049 /* Decoder.swift */,
			);
			path = Controller;
			sourceTree = "<group>";
		};
		D1569D9129BA217600D0E578 /* Model */ = {
			isa = PBXGroup;
			children = (
				D1569D8529BA0B7700D0E578 /* UUUIDs.swift */,
				D1569D8729BA0B8500D0E578 /* Strings.swift */,
				D1FE233E29BF6D11002F1049 /* ProtocolConstants.swift */,
			);
			path = Model;
			sourceTree = "<group>";
		};
		D1569D9229BB445A00D0E578 /* Frameworks */ = {
			isa = PBXGroup;
			children = (
				D1569D9329BB445B00D0E578 /* SDK.xcframework */,
			);
			name = Frameworks;
			sourceTree = "<group>";
		};
/* End PBXGroup section */

/* Begin PBXNativeTarget section */
		D112270429B9EF8B00E49993 /* PinpointSampleApp */ = {
			isa = PBXNativeTarget;
			buildConfigurationList = D112271829B9EF8C00E49993 /* Build configuration list for PBXNativeTarget "PinpointSampleApp" */;
			buildPhases = (
				D112270129B9EF8B00E49993 /* Sources */,
				D112270229B9EF8B00E49993 /* Frameworks */,
				D112270329B9EF8B00E49993 /* Resources */,
				D1569D9629BB445B00D0E578 /* Embed Frameworks */,
			);
			buildRules = (
			);
			dependencies = (
			);
			name = PinpointSampleApp;
			productName = PinpointSampleApp;
			productReference = D112270529B9EF8B00E49993 /* PinpointSampleApp.app */;
			productType = "com.apple.product-type.application";
		};
/* End PBXNativeTarget section */

/* Begin PBXProject section */
		D11226FD29B9EF8B00E49993 /* Project object */ = {
			isa = PBXProject;
			attributes = {
				BuildIndependentTargetsInParallel = 1;
				LastSwiftUpdateCheck = 1420;
				LastUpgradeCheck = 1420;
				TargetAttributes = {
					D112270429B9EF8B00E49993 = {
						CreatedOnToolsVersion = 14.2;
					};
				};
			};
			buildConfigurationList = D112270029B9EF8B00E49993 /* Build configuration list for PBXProject "PinpointSampleApp" */;
			compatibilityVersion = "Xcode 14.0";
			developmentRegion = en;
			hasScannedForEncodings = 0;
			knownRegions = (
				en,
				Base,
			);
			mainGroup = D11226FC29B9EF8B00E49993;
			productRefGroup = D112270629B9EF8B00E49993 /* Products */;
			projectDirPath = "";
			projectRoot = "";
			targets = (
				D112270429B9EF8B00E49993 /* PinpointSampleApp */,
			);
		};
/* End PBXProject section */

/* Begin PBXResourcesBuildPhase section */
		D112270329B9EF8B00E49993 /* Resources */ = {
			isa = PBXResourcesBuildPhase;
			buildActionMask = 2147483647;
			files = (
				D112271029B9EF8C00E49993 /* Preview Assets.xcassets in Resources */,
				D112270D29B9EF8C00E49993 /* Assets.xcassets in Resources */,
			);
			runOnlyForDeploymentPostprocessing = 0;
		};
/* End PBXResourcesBuildPhase section */

/* Begin PBXSourcesBuildPhase section */
		D112270129B9EF8B00E49993 /* Sources */ = {
			isa = PBXSourcesBuildPhase;
			buildActionMask = 2147483647;
			files = (
				D1569D8629BA0B7700D0E578 /* UUUIDs.swift in Sources */,
				D112271229B9EF8C00E49993 /* Persistence.swift in Sources */,
				D1569D8829BA0B8500D0E578 /* Strings.swift in Sources */,
				D112270B29B9EF8B00E49993 /* ContentView.swift in Sources */,
				D112271529B9EF8C00E49993 /* PinpointSampleApp.xcdatamodeld in Sources */,
				D1569D8E29BA109B00D0E578 /* Buttons.swift in Sources */,
				D112270929B9EF8B00E49993 /* PinpointSampleAppApp.swift in Sources */,
				D1569D8429BA07C500D0E578 /* BluetoothManager.swift in Sources */,
				D1569D9829BB46AA00D0E578 /* DataReader.swift in Sources */,
				D1569D8A29BA0B8E00D0E578 /* SpinnerViewController.swift in Sources */,
				D1FE233D29BF691E002F1049 /* Decoder.swift in Sources */,
				D112272229BA005D00E49993 /* ConsoleTextView.swift in Sources */,
				D1FE233F29BF6D11002F1049 /* ProtocolConstants.swift in Sources */,
			);
			runOnlyForDeploymentPostprocessing = 0;
		};
/* End PBXSourcesBuildPhase section */

/* Begin XCBuildConfiguration section */
		D112271629B9EF8C00E49993 /* Debug */ = {
			isa = XCBuildConfiguration;
			buildSettings = {
				ALWAYS_SEARCH_USER_PATHS = NO;
				CLANG_ANALYZER_NONNULL = YES;
				CLANG_ANALYZER_NUMBER_OBJECT_CONVERSION = YES_AGGRESSIVE;
				CLANG_CXX_LANGUAGE_STANDARD = "gnu++20";
				CLANG_ENABLE_MODULES = YES;
				CLANG_ENABLE_OBJC_ARC = YES;
				CLANG_ENABLE_OBJC_WEAK = YES;
				CLANG_WARN_BLOCK_CAPTURE_AUTORELEASING = YES;
				CLANG_WARN_BOOL_CONVERSION = YES;
				CLANG_WARN_COMMA = YES;
				CLANG_WARN_CONSTANT_CONVERSION = YES;
				CLANG_WARN_DEPRECATED_OBJC_IMPLEMENTATIONS = YES;
				CLANG_WARN_DIRECT_OBJC_ISA_USAGE = YES_ERROR;
				CLANG_WARN_DOCUMENTATION_COMMENTS = YES;
				CLANG_WARN_EMPTY_BODY = YES;
				CLANG_WARN_ENUM_CONVERSION = YES;
				CLANG_WARN_INFINITE_RECURSION = YES;
				CLANG_WARN_INT_CONVERSION = YES;
				CLANG_WARN_NON_LITERAL_NULL_CONVERSION = YES;
				CLANG_WARN_OBJC_IMPLICIT_RETAIN_SELF = YES;
				CLANG_WARN_OBJC_LITERAL_CONVERSION = YES;
				CLANG_WARN_OBJC_ROOT_CLASS = YES_ERROR;
				CLANG_WARN_QUOTED_INCLUDE_IN_FRAMEWORK_HEADER = YES;
				CLANG_WARN_RANGE_LOOP_ANALYSIS = YES;
				CLANG_WARN_STRICT_PROTOTYPES = YES;
				CLANG_WARN_SUSPICIOUS_MOVE = YES;
				CLANG_WARN_UNGUARDED_AVAILABILITY = YES_AGGRESSIVE;
				CLANG_WARN_UNREACHABLE_CODE = YES;
				CLANG_WARN__DUPLICATE_METHOD_MATCH = YES;
				COPY_PHASE_STRIP = NO;
				DEBUG_INFORMATION_FORMAT = dwarf;
				ENABLE_STRICT_OBJC_MSGSEND = YES;
				ENABLE_TESTABILITY = YES;
				GCC_C_LANGUAGE_STANDARD = gnu11;
				GCC_DYNAMIC_NO_PIC = NO;
				GCC_NO_COMMON_BLOCKS = YES;
				GCC_OPTIMIZATION_LEVEL = 0;
				GCC_PREPROCESSOR_DEFINITIONS = (
					"DEBUG=1",
					"$(inherited)",
				);
				GCC_WARN_64_TO_32_BIT_CONVERSION = YES;
				GCC_WARN_ABOUT_RETURN_TYPE = YES_ERROR;
				GCC_WARN_UNDECLARED_SELECTOR = YES;
				GCC_WARN_UNINITIALIZED_AUTOS = YES_AGGRESSIVE;
				GCC_WARN_UNUSED_FUNCTION = YES;
				GCC_WARN_UNUSED_VARIABLE = YES;
				IPHONEOS_DEPLOYMENT_TARGET = 16.2;
				MTL_ENABLE_DEBUG_INFO = INCLUDE_SOURCE;
				MTL_FAST_MATH = YES;
				ONLY_ACTIVE_ARCH = YES;
				SDKROOT = iphoneos;
				SWIFT_ACTIVE_COMPILATION_CONDITIONS = DEBUG;
				SWIFT_OPTIMIZATION_LEVEL = "-Onone";
			};
			name = Debug;
		};
		D112271729B9EF8C00E49993 /* Release */ = {
			isa = XCBuildConfiguration;
			buildSettings = {
				ALWAYS_SEARCH_USER_PATHS = NO;
				CLANG_ANALYZER_NONNULL = YES;
				CLANG_ANALYZER_NUMBER_OBJECT_CONVERSION = YES_AGGRESSIVE;
				CLANG_CXX_LANGUAGE_STANDARD = "gnu++20";
				CLANG_ENABLE_MODULES = YES;
				CLANG_ENABLE_OBJC_ARC = YES;
				CLANG_ENABLE_OBJC_WEAK = YES;
				CLANG_WARN_BLOCK_CAPTURE_AUTORELEASING = YES;
				CLANG_WARN_BOOL_CONVERSION = YES;
				CLANG_WARN_COMMA = YES;
				CLANG_WARN_CONSTANT_CONVERSION = YES;
				CLANG_WARN_DEPRECATED_OBJC_IMPLEMENTATIONS = YES;
				CLANG_WARN_DIRECT_OBJC_ISA_USAGE = YES_ERROR;
				CLANG_WARN_DOCUMENTATION_COMMENTS = YES;
				CLANG_WARN_EMPTY_BODY = YES;
				CLANG_WARN_ENUM_CONVERSION = YES;
				CLANG_WARN_INFINITE_RECURSION = YES;
				CLANG_WARN_INT_CONVERSION = YES;
				CLANG_WARN_NON_LITERAL_NULL_CONVERSION = YES;
				CLANG_WARN_OBJC_IMPLICIT_RETAIN_SELF = YES;
				CLANG_WARN_OBJC_LITERAL_CONVERSION = YES;
				CLANG_WARN_OBJC_ROOT_CLASS = YES_ERROR;
				CLANG_WARN_QUOTED_INCLUDE_IN_FRAMEWORK_HEADER = YES;
				CLANG_WARN_RANGE_LOOP_ANALYSIS = YES;
				CLANG_WARN_STRICT_PROTOTYPES = YES;
				CLANG_WARN_SUSPICIOUS_MOVE = YES;
				CLANG_WARN_UNGUARDED_AVAILABILITY = YES_AGGRESSIVE;
				CLANG_WARN_UNREACHABLE_CODE = YES;
				CLANG_WARN__DUPLICATE_METHOD_MATCH = YES;
				COPY_PHASE_STRIP = NO;
				DEBUG_INFORMATION_FORMAT = "dwarf-with-dsym";
				ENABLE_NS_ASSERTIONS = NO;
				ENABLE_STRICT_OBJC_MSGSEND = YES;
				GCC_C_LANGUAGE_STANDARD = gnu11;
				GCC_NO_COMMON_BLOCKS = YES;
				GCC_WARN_64_TO_32_BIT_CONVERSION = YES;
				GCC_WARN_ABOUT_RETURN_TYPE = YES_ERROR;
				GCC_WARN_UNDECLARED_SELECTOR = YES;
				GCC_WARN_UNINITIALIZED_AUTOS = YES_AGGRESSIVE;
				GCC_WARN_UNUSED_FUNCTION = YES;
				GCC_WARN_UNUSED_VARIABLE = YES;
				IPHONEOS_DEPLOYMENT_TARGET = 16.2;
				MTL_ENABLE_DEBUG_INFO = NO;
				MTL_FAST_MATH = YES;
				SDKROOT = iphoneos;
				SWIFT_COMPILATION_MODE = wholemodule;
				SWIFT_OPTIMIZATION_LEVEL = "-O";
				VALIDATE_PRODUCT = YES;
			};
			name = Release;
		};
		D112271929B9EF8C00E49993 /* Debug */ = {
			isa = XCBuildConfiguration;
			buildSettings = {
				ASSETCATALOG_COMPILER_APPICON_NAME = AppIcon;
				ASSETCATALOG_COMPILER_GLOBAL_ACCENT_COLOR_NAME = AccentColor;
				CODE_SIGN_STYLE = Automatic;
				CURRENT_PROJECT_VERSION = 1;
				DEVELOPMENT_ASSET_PATHS = "\"PinpointSampleApp/Preview Content\"";
				DEVELOPMENT_TEAM = N9N8SDH8C6;
				ENABLE_PREVIEWS = YES;
				GENERATE_INFOPLIST_FILE = YES;
				INFOPLIST_KEY_NSBluetoothAlwaysUsageDescription = "I need BT";
				INFOPLIST_KEY_NSBluetoothPeripheralUsageDescription = "I need BT";
				INFOPLIST_KEY_UIApplicationSceneManifest_Generation = YES;
				INFOPLIST_KEY_UIApplicationSupportsIndirectInputEvents = YES;
				INFOPLIST_KEY_UILaunchScreen_Generation = YES;
				INFOPLIST_KEY_UISupportedInterfaceOrientations_iPad = "UIInterfaceOrientationPortrait UIInterfaceOrientationPortraitUpsideDown UIInterfaceOrientationLandscapeLeft UIInterfaceOrientationLandscapeRight";
				INFOPLIST_KEY_UISupportedInterfaceOrientations_iPhone = "UIInterfaceOrientationPortrait UIInterfaceOrientationLandscapeLeft UIInterfaceOrientationLandscapeRight";
				IPHONEOS_DEPLOYMENT_TARGET = 16.0;
				LD_RUNPATH_SEARCH_PATHS = (
					"$(inherited)",
					"@executable_path/Frameworks",
				);
				MARKETING_VERSION = 1.0;
				PRODUCT_BUNDLE_IDENTIFIER = tech.scherbeck.PPsample.PinpointSampleApp;
				PRODUCT_NAME = "$(TARGET_NAME)";
				SWIFT_EMIT_LOC_STRINGS = YES;
				SWIFT_VERSION = 5.0;
				TARGETED_DEVICE_FAMILY = "1,2";
			};
			name = Debug;
		};
		D112271A29B9EF8C00E49993 /* Release */ = {
			isa = XCBuildConfiguration;
			buildSettings = {
				ASSETCATALOG_COMPILER_APPICON_NAME = AppIcon;
				ASSETCATALOG_COMPILER_GLOBAL_ACCENT_COLOR_NAME = AccentColor;
				CODE_SIGN_STYLE = Automatic;
				CURRENT_PROJECT_VERSION = 1;
				DEVELOPMENT_ASSET_PATHS = "\"PinpointSampleApp/Preview Content\"";
				DEVELOPMENT_TEAM = N9N8SDH8C6;
				ENABLE_PREVIEWS = YES;
				GENERATE_INFOPLIST_FILE = YES;
				INFOPLIST_KEY_NSBluetoothAlwaysUsageDescription = "I need BT";
				INFOPLIST_KEY_NSBluetoothPeripheralUsageDescription = "I need BT";
				INFOPLIST_KEY_UIApplicationSceneManifest_Generation = YES;
				INFOPLIST_KEY_UIApplicationSupportsIndirectInputEvents = YES;
				INFOPLIST_KEY_UILaunchScreen_Generation = YES;
				INFOPLIST_KEY_UISupportedInterfaceOrientations_iPad = "UIInterfaceOrientationPortrait UIInterfaceOrientationPortraitUpsideDown UIInterfaceOrientationLandscapeLeft UIInterfaceOrientationLandscapeRight";
				INFOPLIST_KEY_UISupportedInterfaceOrientations_iPhone = "UIInterfaceOrientationPortrait UIInterfaceOrientationLandscapeLeft UIInterfaceOrientationLandscapeRight";
				IPHONEOS_DEPLOYMENT_TARGET = 16.0;
				LD_RUNPATH_SEARCH_PATHS = (
					"$(inherited)",
					"@executable_path/Frameworks",
				);
				MARKETING_VERSION = 1.0;
				PRODUCT_BUNDLE_IDENTIFIER = tech.scherbeck.PPsample.PinpointSampleApp;
				PRODUCT_NAME = "$(TARGET_NAME)";
				SWIFT_EMIT_LOC_STRINGS = YES;
				SWIFT_VERSION = 5.0;
				TARGETED_DEVICE_FAMILY = "1,2";
			};
			name = Release;
		};
/* End XCBuildConfiguration section */

/* Begin XCConfigurationList section */
		D112270029B9EF8B00E49993 /* Build configuration list for PBXProject "PinpointSampleApp" */ = {
			isa = XCConfigurationList;
			buildConfigurations = (
				D112271629B9EF8C00E49993 /* Debug */,
				D112271729B9EF8C00E49993 /* Release */,
			);
			defaultConfigurationIsVisible = 0;
			defaultConfigurationName = Release;
		};
		D112271829B9EF8C00E49993 /* Build configuration list for PBXNativeTarget "PinpointSampleApp" */ = {
			isa = XCConfigurationList;
			buildConfigurations = (
				D112271929B9EF8C00E49993 /* Debug */,
				D112271A29B9EF8C00E49993 /* Release */,
			);
			defaultConfigurationIsVisible = 0;
			defaultConfigurationName = Release;
		};
/* End XCConfigurationList section */

/* Begin XCVersionGroup section */
		D112271329B9EF8C00E49993 /* PinpointSampleApp.xcdatamodeld */ = {
			isa = XCVersionGroup;
			children = (
				D112271429B9EF8C00E49993 /* PinpointSampleApp.xcdatamodel */,
			);
			currentVersion = D112271429B9EF8C00E49993 /* PinpointSampleApp.xcdatamodel */;
			path = PinpointSampleApp.xcdatamodeld;
			sourceTree = "<group>";
			versionGroupType = wrapper.xcdatamodel;
		};
/* End XCVersionGroup section */
	};
	rootObject = D11226FD29B9EF8B00E49993 /* Project object */;
}
